
Microsoft Visual Studio Solution File, Format Version 12.00
# Visual Studio Version 17
VisualStudioVersion = 17.0.31903.59
MinimumVisualStudioVersion = 10.0.40219.1
Project("{FAE04EC0-301F-11D3-BF4B-00C04F79EFBC}") = "workshop.tests", "workshop.tests\workshop.tests.csproj", "{9B9AEF93-D75B-4AF6-AC63-7ABE61C45452}"
EndProject
Project("{FAE04EC0-301F-11D3-BF4B-00C04F79EFBC}") = "workshop.wwwapi", "workshop.wwwapi\workshop.wwwapi.csproj", "{C8F8000E-FA1D-437C-ACCB-9AB16F155D7C}"
EndProject
Global
	GlobalSection(SolutionConfigurationPlatforms) = preSolution
		Debug|Any CPU = Debug|Any CPU
		Release|Any CPU = Release|Any CPU
	EndGlobalSection
	GlobalSection(SolutionProperties) = preSolution
		HideSolutionNode = FALSE
	EndGlobalSection
	GlobalSection(ProjectConfigurationPlatforms) = postSolution
		{9B9AEF93-D75B-4AF6-AC63-7ABE61C45452}.Debug|Any CPU.ActiveCfg = Debug|Any CPU
		{9B9AEF93-D75B-4AF6-AC63-7ABE61C45452}.Debug|Any CPU.Build.0 = Debug|Any CPU
		{9B9AEF93-D75B-4AF6-AC63-7ABE61C45452}.Release|Any CPU.ActiveCfg = Release|Any CPU
		{9B9AEF93-D75B-4AF6-AC63-7ABE61C45452}.Release|Any CPU.Build.0 = Release|Any CPU
		{C8F8000E-FA1D-437C-ACCB-9AB16F155D7C}.Debug|Any CPU.ActiveCfg = Debug|Any CPU
		{C8F8000E-FA1D-437C-ACCB-9AB16F155D7C}.Debug|Any CPU.Build.0 = Debug|Any CPU
		{C8F8000E-FA1D-437C-ACCB-9AB16F155D7C}.Release|Any CPU.ActiveCfg = Release|Any CPU
		{C8F8000E-FA1D-437C-ACCB-9AB16F155D7C}.Release|Any CPU.Build.0 = Release|Any CPU
	EndGlobalSection
EndGlobal
